// !$*UTF8*$!
{
	archiveVersion = 1;
	classes = {
	};
	objectVersion = 48;
	objects = {

/* Begin PBXBuildFile section */
		3A1ED8491F6A5D4D00FC87EC /* LocationObject.swift in Sources */ = {isa = PBXBuildFile; fileRef = 3A1ED8481F6A5D4D00FC87EC /* LocationObject.swift */; };
		3A854A4A1F5EF4AF009BDDF3 /* AppDelegate.swift in Sources */ = {isa = PBXBuildFile; fileRef = 3A854A491F5EF4AF009BDDF3 /* AppDelegate.swift */; };
		3A854A4C1F5EF4AF009BDDF3 /* ViewController.swift in Sources */ = {isa = PBXBuildFile; fileRef = 3A854A4B1F5EF4AF009BDDF3 /* ViewController.swift */; };
		3A854A4F1F5EF4AF009BDDF3 /* Main.storyboard in Resources */ = {isa = PBXBuildFile; fileRef = 3A854A4D1F5EF4AF009BDDF3 /* Main.storyboard */; };
		3A854A511F5EF4AF009BDDF3 /* Assets.xcassets in Resources */ = {isa = PBXBuildFile; fileRef = 3A854A501F5EF4AF009BDDF3 /* Assets.xcassets */; };
		3A854A541F5EF4AF009BDDF3 /* LaunchScreen.storyboard in Resources */ = {isa = PBXBuildFile; fileRef = 3A854A521F5EF4AF009BDDF3 /* LaunchScreen.storyboard */; };
		3A854A5F1F5EF4AF009BDDF3 /* LocationServicesTests.swift in Sources */ = {isa = PBXBuildFile; fileRef = 3A854A5E1F5EF4AF009BDDF3 /* LocationServicesTests.swift */; };
		3A854A6A1F5EF4AF009BDDF3 /* LocationServicesUITests.swift in Sources */ = {isa = PBXBuildFile; fileRef = 3A854A691F5EF4AF009BDDF3 /* LocationServicesUITests.swift */; };
		3AD9D64E1F71586E00DEA281 /* ExpandedMapViewController.swift in Sources */ = {isa = PBXBuildFile; fileRef = 3AD9D64D1F71586E00DEA281 /* ExpandedMapViewController.swift */; };
/* End PBXBuildFile section */

/* Begin PBXContainerItemProxy section */
		3A854A5B1F5EF4AF009BDDF3 /* PBXContainerItemProxy */ = {
			isa = PBXContainerItemProxy;
			containerPortal = 3A854A3E1F5EF4AF009BDDF3 /* Project object */;
			proxyType = 1;
			remoteGlobalIDString = 3A854A451F5EF4AF009BDDF3;
			remoteInfo = LocationServices;
		};
		3A854A661F5EF4AF009BDDF3 /* PBXContainerItemProxy */ = {
			isa = PBXContainerItemProxy;
			containerPortal = 3A854A3E1F5EF4AF009BDDF3 /* Project object */;
			proxyType = 1;
			remoteGlobalIDString = 3A854A451F5EF4AF009BDDF3;
			remoteInfo = LocationServices;
		};
/* End PBXContainerItemProxy section */

/* Begin PBXFileReference section */
		3A1ED8481F6A5D4D00FC87EC /* LocationObject.swift */ = {isa = PBXFileReference; lastKnownFileType = sourcecode.swift; path = LocationObject.swift; sourceTree = "<group>"; };
		3A854A461F5EF4AF009BDDF3 /* Hide&PicLocationServices.app */ = {isa = PBXFileReference; explicitFileType = wrapper.application; includeInIndex = 0; path = "Hide&PicLocationServices.app"; sourceTree = BUILT_PRODUCTS_DIR; };
		3A854A491F5EF4AF009BDDF3 /* AppDelegate.swift */ = {isa = PBXFileReference; lastKnownFileType = sourcecode.swift; path = AppDelegate.swift; sourceTree = "<group>"; };
		3A854A4B1F5EF4AF009BDDF3 /* ViewController.swift */ = {isa = PBXFileReference; lastKnownFileType = sourcecode.swift; path = ViewController.swift; sourceTree = "<group>"; };
		3A854A4E1F5EF4AF009BDDF3 /* Base */ = {isa = PBXFileReference; lastKnownFileType = file.storyboard; name = Base; path = Base.lproj/Main.storyboard; sourceTree = "<group>"; };
		3A854A501F5EF4AF009BDDF3 /* Assets.xcassets */ = {isa = PBXFileReference; lastKnownFileType = folder.assetcatalog; path = Assets.xcassets; sourceTree = "<group>"; };
		3A854A531F5EF4AF009BDDF3 /* Base */ = {isa = PBXFileReference; lastKnownFileType = file.storyboard; name = Base; path = Base.lproj/LaunchScreen.storyboard; sourceTree = "<group>"; };
		3A854A551F5EF4AF009BDDF3 /* Info.plist */ = {isa = PBXFileReference; lastKnownFileType = text.plist.xml; path = Info.plist; sourceTree = "<group>"; };
		3A854A5A1F5EF4AF009BDDF3 /* Hide&PicLocationServicesTests.xctest */ = {isa = PBXFileReference; explicitFileType = wrapper.cfbundle; includeInIndex = 0; path = "Hide&PicLocationServicesTests.xctest"; sourceTree = BUILT_PRODUCTS_DIR; };
		3A854A5E1F5EF4AF009BDDF3 /* LocationServicesTests.swift */ = {isa = PBXFileReference; lastKnownFileType = sourcecode.swift; path = LocationServicesTests.swift; sourceTree = "<group>"; };
		3A854A601F5EF4AF009BDDF3 /* Info.plist */ = {isa = PBXFileReference; lastKnownFileType = text.plist.xml; path = Info.plist; sourceTree = "<group>"; };
		3A854A651F5EF4AF009BDDF3 /* Hide&PicLocationServicesUITests.xctest */ = {isa = PBXFileReference; explicitFileType = wrapper.cfbundle; includeInIndex = 0; path = "Hide&PicLocationServicesUITests.xctest"; sourceTree = BUILT_PRODUCTS_DIR; };
		3A854A691F5EF4AF009BDDF3 /* LocationServicesUITests.swift */ = {isa = PBXFileReference; lastKnownFileType = sourcecode.swift; path = LocationServicesUITests.swift; sourceTree = "<group>"; };
		3A854A6B1F5EF4AF009BDDF3 /* Info.plist */ = {isa = PBXFileReference; lastKnownFileType = text.plist.xml; path = Info.plist; sourceTree = "<group>"; };
		3AD9D64D1F71586E00DEA281 /* ExpandedMapViewController.swift */ = {isa = PBXFileReference; lastKnownFileType = sourcecode.swift; path = ExpandedMapViewController.swift; sourceTree = "<group>"; };
/* End PBXFileReference section */

/* Begin PBXFrameworksBuildPhase section */
		3A854A431F5EF4AF009BDDF3 /* Frameworks */ = {
			isa = PBXFrameworksBuildPhase;
			buildActionMask = 2147483647;
			files = (
			);
			runOnlyForDeploymentPostprocessing = 0;
		};
		3A854A571F5EF4AF009BDDF3 /* Frameworks */ = {
			isa = PBXFrameworksBuildPhase;
			buildActionMask = 2147483647;
			files = (
			);
			runOnlyForDeploymentPostprocessing = 0;
		};
		3A854A621F5EF4AF009BDDF3 /* Frameworks */ = {
			isa = PBXFrameworksBuildPhase;
			buildActionMask = 2147483647;
			files = (
			);
			runOnlyForDeploymentPostprocessing = 0;
		};
/* End PBXFrameworksBuildPhase section */

/* Begin PBXGroup section */
		3A854A3D1F5EF4AF009BDDF3 = {
			isa = PBXGroup;
			children = (
				3A854A481F5EF4AF009BDDF3 /* LocationServices */,
				3A854A5D1F5EF4AF009BDDF3 /* LocationServicesTests */,
				3A854A681F5EF4AF009BDDF3 /* LocationServicesUITests */,
				3A854A471F5EF4AF009BDDF3 /* Products */,
			);
			sourceTree = "<group>";
		};
		3A854A471F5EF4AF009BDDF3 /* Products */ = {
			isa = PBXGroup;
			children = (
				3A854A461F5EF4AF009BDDF3 /* Hide&PicLocationServices.app */,
				3A854A5A1F5EF4AF009BDDF3 /* Hide&PicLocationServicesTests.xctest */,
				3A854A651F5EF4AF009BDDF3 /* Hide&PicLocationServicesUITests.xctest */,
			);
			name = Products;
			sourceTree = "<group>";
		};
		3A854A481F5EF4AF009BDDF3 /* LocationServices */ = {
			isa = PBXGroup;
			children = (
				3A854A491F5EF4AF009BDDF3 /* AppDelegate.swift */,
				3A854A4B1F5EF4AF009BDDF3 /* ViewController.swift */,
				3A854A4D1F5EF4AF009BDDF3 /* Main.storyboard */,
				3A854A501F5EF4AF009BDDF3 /* Assets.xcassets */,
				3A854A521F5EF4AF009BDDF3 /* LaunchScreen.storyboard */,
				3A854A551F5EF4AF009BDDF3 /* Info.plist */,
				3A1ED8481F6A5D4D00FC87EC /* LocationObject.swift */,
				3AD9D64D1F71586E00DEA281 /* ExpandedMapViewController.swift */,
			);
			path = LocationServices;
			sourceTree = "<group>";
		};
		3A854A5D1F5EF4AF009BDDF3 /* LocationServicesTests */ = {
			isa = PBXGroup;
			children = (
				3A854A5E1F5EF4AF009BDDF3 /* LocationServicesTests.swift */,
				3A854A601F5EF4AF009BDDF3 /* Info.plist */,
			);
			path = LocationServicesTests;
			sourceTree = "<group>";
		};
		3A854A681F5EF4AF009BDDF3 /* LocationServicesUITests */ = {
			isa = PBXGroup;
			children = (
				3A854A691F5EF4AF009BDDF3 /* LocationServicesUITests.swift */,
				3A854A6B1F5EF4AF009BDDF3 /* Info.plist */,
			);
			path = LocationServicesUITests;
			sourceTree = "<group>";
		};
/* End PBXGroup section */

/* Begin PBXNativeTarget section */
		3A854A451F5EF4AF009BDDF3 /* Hide&PicLocationServices */ = {
			isa = PBXNativeTarget;
			buildConfigurationList = 3A854A6E1F5EF4AF009BDDF3 /* Build configuration list for PBXNativeTarget "Hide&PicLocationServices" */;
			buildPhases = (
				3A854A421F5EF4AF009BDDF3 /* Sources */,
				3A854A431F5EF4AF009BDDF3 /* Frameworks */,
				3A854A441F5EF4AF009BDDF3 /* Resources */,
			);
			buildRules = (
			);
			dependencies = (
			);
			name = "Hide&PicLocationServices";
			productName = LocationServices;
			productReference = 3A854A461F5EF4AF009BDDF3 /* Hide&PicLocationServices.app */;
			productType = "com.apple.product-type.application";
		};
		3A854A591F5EF4AF009BDDF3 /* Hide&PicLocationServicesTests */ = {
			isa = PBXNativeTarget;
			buildConfigurationList = 3A854A711F5EF4AF009BDDF3 /* Build configuration list for PBXNativeTarget "Hide&PicLocationServicesTests" */;
			buildPhases = (
				3A854A561F5EF4AF009BDDF3 /* Sources */,
				3A854A571F5EF4AF009BDDF3 /* Frameworks */,
				3A854A581F5EF4AF009BDDF3 /* Resources */,
			);
			buildRules = (
			);
			dependencies = (
				3A854A5C1F5EF4AF009BDDF3 /* PBXTargetDependency */,
			);
			name = "Hide&PicLocationServicesTests";
			productName = LocationServicesTests;
			productReference = 3A854A5A1F5EF4AF009BDDF3 /* Hide&PicLocationServicesTests.xctest */;
			productType = "com.apple.product-type.bundle.unit-test";
		};
		3A854A641F5EF4AF009BDDF3 /* Hide&PicLocationServicesUITests */ = {
			isa = PBXNativeTarget;
			buildConfigurationList = 3A854A741F5EF4AF009BDDF3 /* Build configuration list for PBXNativeTarget "Hide&PicLocationServicesUITests" */;
			buildPhases = (
				3A854A611F5EF4AF009BDDF3 /* Sources */,
				3A854A621F5EF4AF009BDDF3 /* Frameworks */,
				3A854A631F5EF4AF009BDDF3 /* Resources */,
			);
			buildRules = (
			);
			dependencies = (
				3A854A671F5EF4AF009BDDF3 /* PBXTargetDependency */,
			);
			name = "Hide&PicLocationServicesUITests";
			productName = LocationServicesUITests;
			productReference = 3A854A651F5EF4AF009BDDF3 /* Hide&PicLocationServicesUITests.xctest */;
			productType = "com.apple.product-type.bundle.ui-testing";
		};
/* End PBXNativeTarget section */

/* Begin PBXProject section */
		3A854A3E1F5EF4AF009BDDF3 /* Project object */ = {
			isa = PBXProject;
			attributes = {
				LastSwiftUpdateCheck = 0900;
				LastUpgradeCheck = 0900;
				ORGANIZATIONNAME = VanillaThunder;
				TargetAttributes = {
					3A854A451F5EF4AF009BDDF3 = {
						CreatedOnToolsVersion = 9.0;
						ProvisioningStyle = Automatic;
					};
					3A854A591F5EF4AF009BDDF3 = {
						CreatedOnToolsVersion = 9.0;
						ProvisioningStyle = Automatic;
						TestTargetID = 3A854A451F5EF4AF009BDDF3;
					};
					3A854A641F5EF4AF009BDDF3 = {
						CreatedOnToolsVersion = 9.0;
						ProvisioningStyle = Automatic;
						TestTargetID = 3A854A451F5EF4AF009BDDF3;
					};
				};
			};
			buildConfigurationList = 3A854A411F5EF4AF009BDDF3 /* Build configuration list for PBXProject "Hide&PicLocationServices" */;
			compatibilityVersion = "Xcode 8.0";
			developmentRegion = en;
			hasScannedForEncodings = 0;
			knownRegions = (
				en,
				Base,
			);
			mainGroup = 3A854A3D1F5EF4AF009BDDF3;
			productRefGroup = 3A854A471F5EF4AF009BDDF3 /* Products */;
			projectDirPath = "";
			projectRoot = "";
			targets = (
				3A854A451F5EF4AF009BDDF3 /* Hide&PicLocationServices */,
				3A854A591F5EF4AF009BDDF3 /* Hide&PicLocationServicesTests */,
				3A854A641F5EF4AF009BDDF3 /* Hide&PicLocationServicesUITests */,
			);
		};
/* End PBXProject section */

/* Begin PBXResourcesBuildPhase section */
		3A854A441F5EF4AF009BDDF3 /* Resources */ = {
			isa = PBXResourcesBuildPhase;
			buildActionMask = 2147483647;
			files = (
				3A854A541F5EF4AF009BDDF3 /* LaunchScreen.storyboard in Resources */,
				3A854A511F5EF4AF009BDDF3 /* Assets.xcassets in Resources */,
				3A854A4F1F5EF4AF009BDDF3 /* Main.storyboard in Resources */,
			);
			runOnlyForDeploymentPostprocessing = 0;
		};
		3A854A581F5EF4AF009BDDF3 /* Resources */ = {
			isa = PBXResourcesBuildPhase;
			buildActionMask = 2147483647;
			files = (
			);
			runOnlyForDeploymentPostprocessing = 0;
		};
		3A854A631F5EF4AF009BDDF3 /* Resources */ = {
			isa = PBXResourcesBuildPhase;
			buildActionMask = 2147483647;
			files = (
			);
			runOnlyForDeploymentPostprocessing = 0;
		};
/* End PBXResourcesBuildPhase section */

/* Begin PBXSourcesBuildPhase section */
		3A854A421F5EF4AF009BDDF3 /* Sources */ = {
			isa = PBXSourcesBuildPhase;
			buildActionMask = 2147483647;
			files = (
				3AD9D64E1F71586E00DEA281 /* ExpandedMapViewController.swift in Sources */,
				3A854A4C1F5EF4AF009BDDF3 /* ViewController.swift in Sources */,
				3A1ED8491F6A5D4D00FC87EC /* LocationObject.swift in Sources */,
				3A854A4A1F5EF4AF009BDDF3 /* AppDelegate.swift in Sources */,
			);
			runOnlyForDeploymentPostprocessing = 0;
		};
		3A854A561F5EF4AF009BDDF3 /* Sources */ = {
			isa = PBXSourcesBuildPhase;
			buildActionMask = 2147483647;
			files = (
				3A854A5F1F5EF4AF009BDDF3 /* LocationServicesTests.swift in Sources */,
			);
			runOnlyForDeploymentPostprocessing = 0;
		};
		3A854A611F5EF4AF009BDDF3 /* Sources */ = {
			isa = PBXSourcesBuildPhase;
			buildActionMask = 2147483647;
			files = (
				3A854A6A1F5EF4AF009BDDF3 /* LocationServicesUITests.swift in Sources */,
			);
			runOnlyForDeploymentPostprocessing = 0;
		};
/* End PBXSourcesBuildPhase section */

/* Begin PBXTargetDependency section */
		3A854A5C1F5EF4AF009BDDF3 /* PBXTargetDependency */ = {
			isa = PBXTargetDependency;
			target = 3A854A451F5EF4AF009BDDF3 /* Hide&PicLocationServices */;
			targetProxy = 3A854A5B1F5EF4AF009BDDF3 /* PBXContainerItemProxy */;
		};
		3A854A671F5EF4AF009BDDF3 /* PBXTargetDependency */ = {
			isa = PBXTargetDependency;
			target = 3A854A451F5EF4AF009BDDF3 /* Hide&PicLocationServices */;
			targetProxy = 3A854A661F5EF4AF009BDDF3 /* PBXContainerItemProxy */;
		};
/* End PBXTargetDependency section */

/* Begin PBXVariantGroup section */
		3A854A4D1F5EF4AF009BDDF3 /* Main.storyboard */ = {
			isa = PBXVariantGroup;
			children = (
				3A854A4E1F5EF4AF009BDDF3 /* Base */,
			);
			name = Main.storyboard;
			sourceTree = "<group>";
		};
		3A854A521F5EF4AF009BDDF3 /* LaunchScreen.storyboard */ = {
			isa = PBXVariantGroup;
			children = (
				3A854A531F5EF4AF009BDDF3 /* Base */,
			);
			name = LaunchScreen.storyboard;
			sourceTree = "<group>";
		};
/* End PBXVariantGroup section */

/* Begin XCBuildConfiguration section */
		3A854A6C1F5EF4AF009BDDF3 /* Debug */ = {
			isa = XCBuildConfiguration;
			buildSettings = {
				ALWAYS_SEARCH_USER_PATHS = NO;
				CLANG_ANALYZER_NONNULL = YES;
				CLANG_ANALYZER_NUMBER_OBJECT_CONVERSION = YES_AGGRESSIVE;
				CLANG_CXX_LANGUAGE_STANDARD = "gnu++14";
				CLANG_CXX_LIBRARY = "libc++";
				CLANG_ENABLE_MODULES = YES;
				CLANG_ENABLE_OBJC_ARC = YES;
				CLANG_WARN_BLOCK_CAPTURE_AUTORELEASING = YES;
				CLANG_WARN_BOOL_CONVERSION = YES;
				CLANG_WARN_COMMA = YES;
				CLANG_WARN_CONSTANT_CONVERSION = YES;
				CLANG_WARN_DIRECT_OBJC_ISA_USAGE = YES_ERROR;
				CLANG_WARN_DOCUMENTATION_COMMENTS = YES;
				CLANG_WARN_EMPTY_BODY = YES;
				CLANG_WARN_ENUM_CONVERSION = YES;
				CLANG_WARN_INFINITE_RECURSION = YES;
				CLANG_WARN_INT_CONVERSION = YES;
				CLANG_WARN_NON_LITERAL_NULL_CONVERSION = YES;
				CLANG_WARN_OBJC_LITERAL_CONVERSION = YES;
				CLANG_WARN_OBJC_ROOT_CLASS = YES_ERROR;
				CLANG_WARN_RANGE_LOOP_ANALYSIS = YES;
				CLANG_WARN_STRICT_PROTOTYPES = YES;
				CLANG_WARN_SUSPICIOUS_MOVE = YES;
				CLANG_WARN_UNGUARDED_AVAILABILITY = YES_AGGRESSIVE;
				CLANG_WARN_UNREACHABLE_CODE = YES;
				CLANG_WARN__DUPLICATE_METHOD_MATCH = YES;
				CODE_SIGN_IDENTITY = "iPhone Developer";
				COPY_PHASE_STRIP = NO;
				DEBUG_INFORMATION_FORMAT = dwarf;
				ENABLE_STRICT_OBJC_MSGSEND = YES;
				ENABLE_TESTABILITY = YES;
				GCC_C_LANGUAGE_STANDARD = gnu11;
				GCC_DYNAMIC_NO_PIC = NO;
				GCC_NO_COMMON_BLOCKS = YES;
				GCC_OPTIMIZATION_LEVEL = 0;
				GCC_PREPROCESSOR_DEFINITIONS = (
					"DEBUG=1",
					"$(inherited)",
				);
				GCC_WARN_64_TO_32_BIT_CONVERSION = YES;
				GCC_WARN_ABOUT_RETURN_TYPE = YES_ERROR;
				GCC_WARN_UNDECLARED_SELECTOR = YES;
				GCC_WARN_UNINITIALIZED_AUTOS = YES_AGGRESSIVE;
				GCC_WARN_UNUSED_FUNCTION = YES;
				GCC_WARN_UNUSED_VARIABLE = YES;
				IPHONEOS_DEPLOYMENT_TARGET = 11.0;
				MTL_ENABLE_DEBUG_INFO = YES;
				ONLY_ACTIVE_ARCH = YES;
				SDKROOT = iphoneos;
				SWIFT_ACTIVE_COMPILATION_CONDITIONS = DEBUG;
				SWIFT_OPTIMIZATION_LEVEL = "-Onone";
			};
			name = Debug;
		};
		3A854A6D1F5EF4AF009BDDF3 /* Release */ = {
			isa = XCBuildConfiguration;
			buildSettings = {
				ALWAYS_SEARCH_USER_PATHS = NO;
				CLANG_ANALYZER_NONNULL = YES;
				CLANG_ANALYZER_NUMBER_OBJECT_CONVERSION = YES_AGGRESSIVE;
				CLANG_CXX_LANGUAGE_STANDARD = "gnu++14";
				CLANG_CXX_LIBRARY = "libc++";
				CLANG_ENABLE_MODULES = YES;
				CLANG_ENABLE_OBJC_ARC = YES;
				CLANG_WARN_BLOCK_CAPTURE_AUTORELEASING = YES;
				CLANG_WARN_BOOL_CONVERSION = YES;
				CLANG_WARN_COMMA = YES;
				CLANG_WARN_CONSTANT_CONVERSION = YES;
				CLANG_WARN_DIRECT_OBJC_ISA_USAGE = YES_ERROR;
				CLANG_WARN_DOCUMENTATION_COMMENTS = YES;
				CLANG_WARN_EMPTY_BODY = YES;
				CLANG_WARN_ENUM_CONVERSION = YES;
				CLANG_WARN_INFINITE_RECURSION = YES;
				CLANG_WARN_INT_CONVERSION = YES;
				CLANG_WARN_NON_LITERAL_NULL_CONVERSION = YES;
				CLANG_WARN_OBJC_LITERAL_CONVERSION = YES;
				CLANG_WARN_OBJC_ROOT_CLASS = YES_ERROR;
				CLANG_WARN_RANGE_LOOP_ANALYSIS = YES;
				CLANG_WARN_STRICT_PROTOTYPES = YES;
				CLANG_WARN_SUSPICIOUS_MOVE = YES;
				CLANG_WARN_UNGUARDED_AVAILABILITY = YES_AGGRESSIVE;
				CLANG_WARN_UNREACHABLE_CODE = YES;
				CLANG_WARN__DUPLICATE_METHOD_MATCH = YES;
				CODE_SIGN_IDENTITY = "iPhone Developer";
				COPY_PHASE_STRIP = NO;
				DEBUG_INFORMATION_FORMAT = "dwarf-with-dsym";
				ENABLE_NS_ASSERTIONS = NO;
				ENABLE_STRICT_OBJC_MSGSEND = YES;
				GCC_C_LANGUAGE_STANDARD = gnu11;
				GCC_NO_COMMON_BLOCKS = YES;
				GCC_WARN_64_TO_32_BIT_CONVERSION = YES;
				GCC_WARN_ABOUT_RETURN_TYPE = YES_ERROR;
				GCC_WARN_UNDECLARED_SELECTOR = YES;
				GCC_WARN_UNINITIALIZED_AUTOS = YES_AGGRESSIVE;
				GCC_WARN_UNUSED_FUNCTION = YES;
				GCC_WARN_UNUSED_VARIABLE = YES;
				IPHONEOS_DEPLOYMENT_TARGET = 11.0;
				MTL_ENABLE_DEBUG_INFO = NO;
				SDKROOT = iphoneos;
				SWIFT_OPTIMIZATION_LEVEL = "-Owholemodule";
				VALIDATE_PRODUCT = YES;
			};
			name = Release;
		};
		3A854A6F1F5EF4AF009BDDF3 /* Debug */ = {
			isa = XCBuildConfiguration;
			buildSettings = {
				ASSETCATALOG_COMPILER_APPICON_NAME = AppIcon;
				CODE_SIGN_STYLE = Automatic;
				DEVELOPMENT_TEAM = 3CCGR6GPV9;
				INFOPLIST_FILE = LocationServices/Info.plist;
				LD_RUNPATH_SEARCH_PATHS = "$(inherited) @executable_path/Frameworks";
				PRODUCT_BUNDLE_IDENTIFIER = VanillaThunder.LocationServices;
				PRODUCT_NAME = "$(TARGET_NAME)";
				SWIFT_VERSION = 4.0;
				TARGETED_DEVICE_FAMILY = "1,2";
			};
			name = Debug;
		};
		3A854A701F5EF4AF009BDDF3 /* Release */ = {
			isa = XCBuildConfiguration;
			buildSettings = {
				ASSETCATALOG_COMPILER_APPICON_NAME = AppIcon;
				CODE_SIGN_STYLE = Automatic;
				DEVELOPMENT_TEAM = 3CCGR6GPV9;
				INFOPLIST_FILE = LocationServices/Info.plist;
				LD_RUNPATH_SEARCH_PATHS = "$(inherited) @executable_path/Frameworks";
				PRODUCT_BUNDLE_IDENTIFIER = VanillaThunder.LocationServices;
				PRODUCT_NAME = "$(TARGET_NAME)";
				SWIFT_VERSION = 4.0;
				TARGETED_DEVICE_FAMILY = "1,2";
			};
			name = Release;
		};
		3A854A721F5EF4AF009BDDF3 /* Debug */ = {
			isa = XCBuildConfiguration;
			buildSettings = {
				ALWAYS_EMBED_SWIFT_STANDARD_LIBRARIES = YES;
				BUNDLE_LOADER = "$(TEST_HOST)";
				CODE_SIGN_STYLE = Automatic;
				INFOPLIST_FILE = LocationServicesTests/Info.plist;
				LD_RUNPATH_SEARCH_PATHS = "$(inherited) @executable_path/Frameworks @loader_path/Frameworks";
				PRODUCT_BUNDLE_IDENTIFIER = VanillaThunder.LocationServicesTests;
				PRODUCT_NAME = "$(TARGET_NAME)";
				SWIFT_VERSION = 4.0;
				TARGETED_DEVICE_FAMILY = "1,2";
				TEST_HOST = "$(BUILT_PRODUCTS_DIR)/Hide&PicLocationServices.app/Hide&PicLocationServices";
			};
			name = Debug;
		};
		3A854A731F5EF4AF009BDDF3 /* Release */ = {
			isa = XCBuildConfiguration;
			buildSettings = {
				ALWAYS_EMBED_SWIFT_STANDARD_LIBRARIES = YES;
				BUNDLE_LOADER = "$(TEST_HOST)";
				CODE_SIGN_STYLE = Automatic;
				INFOPLIST_FILE = LocationServicesTests/Info.plist;
				LD_RUNPATH_SEARCH_PATHS = "$(inherited) @executable_path/Frameworks @loader_path/Frameworks";
				PRODUCT_BUNDLE_IDENTIFIER = VanillaThunder.LocationServicesTests;
				PRODUCT_NAME = "$(TARGET_NAME)";
				SWIFT_VERSION = 4.0;
				TARGETED_DEVICE_FAMILY = "1,2";
				TEST_HOST = "$(BUILT_PRODUCTS_DIR)/Hide&PicLocationServices.app/Hide&PicLocationServices";
			};
			name = Release;
		};
		3A854A751F5EF4AF009BDDF3 /* Debug */ = {
			isa = XCBuildConfiguration;
			buildSettings = {
				ALWAYS_EMBED_SWIFT_STANDARD_LIBRARIES = YES;
				CODE_SIGN_STYLE = Automatic;
				INFOPLIST_FILE = LocationServicesUITests/Info.plist;
				LD_RUNPATH_SEARCH_PATHS = "$(inherited) @executable_path/Frameworks @loader_path/Frameworks";
				PRODUCT_BUNDLE_IDENTIFIER = VanillaThunder.LocationServicesUITests;
				PRODUCT_NAME = "$(TARGET_NAME)";
				SWIFT_VERSION = 4.0;
				TARGETED_DEVICE_FAMILY = "1,2";
				TEST_TARGET_NAME = LocationServices;
			};
			name = Debug;
		};
		3A854A761F5EF4AF009BDDF3 /* Release */ = {
			isa = XCBuildConfiguration;
			buildSettings = {
				ALWAYS_EMBED_SWIFT_STANDARD_LIBRARIES = YES;
				CODE_SIGN_STYLE = Automatic;
				INFOPLIST_FILE = LocationServicesUITests/Info.plist;
				LD_RUNPATH_SEARCH_PATHS = "$(inherited) @executable_path/Frameworks @loader_path/Frameworks";
				PRODUCT_BUNDLE_IDENTIFIER = VanillaThunder.LocationServicesUITests;
				PRODUCT_NAME = "$(TARGET_NAME)";
				SWIFT_VERSION = 4.0;
				TARGETED_DEVICE_FAMILY = "1,2";
				TEST_TARGET_NAME = LocationServices;
			};
			name = Release;
		};
/* End XCBuildConfiguration section */

/* Begin XCConfigurationList section */
		3A854A411F5EF4AF009BDDF3 /* Build configuration list for PBXProject "Hide&PicLocationServices" */ = {
			isa = XCConfigurationList;
			buildConfigurations = (
				3A854A6C1F5EF4AF009BDDF3 /* Debug */,
				3A854A6D1F5EF4AF009BDDF3 /* Release */,
			);
			defaultConfigurationIsVisible = 0;
			defaultConfigurationName = Release;
		};
		3A854A6E1F5EF4AF009BDDF3 /* Build configuration list for PBXNativeTarget "Hide&PicLocationServices" */ = {
			isa = XCConfigurationList;
			buildConfigurations = (
				3A854A6F1F5EF4AF009BDDF3 /* Debug */,
				3A854A701F5EF4AF009BDDF3 /* Release */,
			);
			defaultConfigurationIsVisible = 0;
			defaultConfigurationName = Release;
		};
		3A854A711F5EF4AF009BDDF3 /* Build configuration list for PBXNativeTarget "Hide&PicLocationServicesTests" */ = {
			isa = XCConfigurationList;
			buildConfigurations = (
				3A854A721F5EF4AF009BDDF3 /* Debug */,
				3A854A731F5EF4AF009BDDF3 /* Release */,
			);
			defaultConfigurationIsVisible = 0;
			defaultConfigurationName = Release;
		};
		3A854A741F5EF4AF009BDDF3 /* Build configuration list for PBXNativeTarget "Hide&PicLocationServicesUITests" */ = {
			isa = XCConfigurationList;
			buildConfigurations = (
				3A854A751F5EF4AF009BDDF3 /* Debug */,
				3A854A761F5EF4AF009BDDF3 /* Release */,
			);
			defaultConfigurationIsVisible = 0;
			defaultConfigurationName = Release;
		};
/* End XCConfigurationList section */
	};
	rootObject = 3A854A3E1F5EF4AF009BDDF3 /* Project object */;
}
