// !$*UTF8*$!
{
	archiveVersion = 1;
	classes = {
	};
	objectVersion = 48;
	objects = {

/* Begin PBXBuildFile section */
		9338C30E1F5E6ECC00D6C1A3 /* AppDelegate.swift in Sources */ = {isa = PBXBuildFile; fileRef = 9338C30D1F5E6ECC00D6C1A3 /* AppDelegate.swift */; };
		9338C3101F5E6ECC00D6C1A3 /* art.scnassets in Resources */ = {isa = PBXBuildFile; fileRef = 9338C30F1F5E6ECC00D6C1A3 /* art.scnassets */; };
		9338C3121F5E6ECC00D6C1A3 /* ARKitViewController.swift in Sources */ = {isa = PBXBuildFile; fileRef = 9338C3111F5E6ECC00D6C1A3 /* ARKitViewController.swift */; };
		9338C3151F5E6ECC00D6C1A3 /* Main.storyboard in Resources */ = {isa = PBXBuildFile; fileRef = 9338C3131F5E6ECC00D6C1A3 /* Main.storyboard */; };
		9338C3171F5E6ECC00D6C1A3 /* Assets.xcassets in Resources */ = {isa = PBXBuildFile; fileRef = 9338C3161F5E6ECC00D6C1A3 /* Assets.xcassets */; };
		9338C31A1F5E6ECC00D6C1A3 /* LaunchScreen.storyboard in Resources */ = {isa = PBXBuildFile; fileRef = 9338C3181F5E6ECC00D6C1A3 /* LaunchScreen.storyboard */; };
		9338C3221F5E6EF500D6C1A3 /* SampleCoordinates.swift in Sources */ = {isa = PBXBuildFile; fileRef = 9338C3211F5E6EF500D6C1A3 /* SampleCoordinates.swift */; };
		9F3BDF64F00642480B36BC54 /* Pods_Hide_Pic.framework in Frameworks */ = {isa = PBXBuildFile; fileRef = E8AD4A2A3AAF0ECA08B1A1BE /* Pods_Hide_Pic.framework */; };
/* End PBXBuildFile section */

/* Begin PBXFileReference section */
		0470261BD0498159760849DE /* Pods-Hide&Pic.release.xcconfig */ = {isa = PBXFileReference; includeInIndex = 1; lastKnownFileType = text.xcconfig; name = "Pods-Hide&Pic.release.xcconfig"; path = "Pods/Target Support Files/Pods-Hide&Pic/Pods-Hide&Pic.release.xcconfig"; sourceTree = "<group>"; };
		9338C30A1F5E6ECC00D6C1A3 /* Hide&Pic.app */ = {isa = PBXFileReference; explicitFileType = wrapper.application; includeInIndex = 0; path = "Hide&Pic.app"; sourceTree = BUILT_PRODUCTS_DIR; };
		9338C30D1F5E6ECC00D6C1A3 /* AppDelegate.swift */ = {isa = PBXFileReference; lastKnownFileType = sourcecode.swift; path = AppDelegate.swift; sourceTree = "<group>"; };
		9338C30F1F5E6ECC00D6C1A3 /* art.scnassets */ = {isa = PBXFileReference; lastKnownFileType = wrapper.scnassets; path = art.scnassets; sourceTree = "<group>"; };
		9338C3111F5E6ECC00D6C1A3 /* ARKitViewController.swift */ = {isa = PBXFileReference; lastKnownFileType = sourcecode.swift; path = ARKitViewController.swift; sourceTree = "<group>"; };
		9338C3141F5E6ECC00D6C1A3 /* Base */ = {isa = PBXFileReference; lastKnownFileType = file.storyboard; name = Base; path = Base.lproj/Main.storyboard; sourceTree = "<group>"; };
		9338C3161F5E6ECC00D6C1A3 /* Assets.xcassets */ = {isa = PBXFileReference; lastKnownFileType = folder.assetcatalog; path = Assets.xcassets; sourceTree = "<group>"; };
		9338C3191F5E6ECC00D6C1A3 /* Base */ = {isa = PBXFileReference; lastKnownFileType = file.storyboard; name = Base; path = Base.lproj/LaunchScreen.storyboard; sourceTree = "<group>"; };
		9338C31B1F5E6ECC00D6C1A3 /* Info.plist */ = {isa = PBXFileReference; lastKnownFileType = text.plist.xml; path = Info.plist; sourceTree = "<group>"; };
		9338C3211F5E6EF500D6C1A3 /* SampleCoordinates.swift */ = {isa = PBXFileReference; lastKnownFileType = sourcecode.swift; path = SampleCoordinates.swift; sourceTree = "<group>"; };
		E8AD4A2A3AAF0ECA08B1A1BE /* Pods_Hide_Pic.framework */ = {isa = PBXFileReference; explicitFileType = wrapper.framework; includeInIndex = 0; path = Pods_Hide_Pic.framework; sourceTree = BUILT_PRODUCTS_DIR; };
		EF1A61DB0567DAA2605109AE /* Pods-Hide&Pic.debug.xcconfig */ = {isa = PBXFileReference; includeInIndex = 1; lastKnownFileType = text.xcconfig; name = "Pods-Hide&Pic.debug.xcconfig"; path = "Pods/Target Support Files/Pods-Hide&Pic/Pods-Hide&Pic.debug.xcconfig"; sourceTree = "<group>"; };
/* End PBXFileReference section */

/* Begin PBXFrameworksBuildPhase section */
		9338C3071F5E6ECC00D6C1A3 /* Frameworks */ = {
			isa = PBXFrameworksBuildPhase;
			buildActionMask = 2147483647;
			files = (
				9F3BDF64F00642480B36BC54 /* Pods_Hide_Pic.framework in Frameworks */,
			);
			runOnlyForDeploymentPostprocessing = 0;
		};
/* End PBXFrameworksBuildPhase section */

/* Begin PBXGroup section */
		38AFB7E8D92E7BA0EB7FC971 /* Frameworks */ = {
			isa = PBXGroup;
			children = (
				E8AD4A2A3AAF0ECA08B1A1BE /* Pods_Hide_Pic.framework */,
			);
			name = Frameworks;
			sourceTree = "<group>";
		};
		9338C3011F5E6ECC00D6C1A3 = {
			isa = PBXGroup;
			children = (
				9338C30C1F5E6ECC00D6C1A3 /* Hide&Pic */,
				9338C30B1F5E6ECC00D6C1A3 /* Products */,
				A28D7871DE53773D18CB5CCD /* Pods */,
				38AFB7E8D92E7BA0EB7FC971 /* Frameworks */,
			);
			sourceTree = "<group>";
		};
		9338C30B1F5E6ECC00D6C1A3 /* Products */ = {
			isa = PBXGroup;
			children = (
				9338C30A1F5E6ECC00D6C1A3 /* Hide&Pic.app */,
			);
			name = Products;
			sourceTree = "<group>";
		};
		9338C30C1F5E6ECC00D6C1A3 /* Hide&Pic */ = {
			isa = PBXGroup;
			children = (
				9338C3211F5E6EF500D6C1A3 /* SampleCoordinates.swift */,
				9338C30D1F5E6ECC00D6C1A3 /* AppDelegate.swift */,
				9338C30F1F5E6ECC00D6C1A3 /* art.scnassets */,
				9338C3111F5E6ECC00D6C1A3 /* ARKitViewController.swift */,
				9338C3131F5E6ECC00D6C1A3 /* Main.storyboard */,
				9338C3161F5E6ECC00D6C1A3 /* Assets.xcassets */,
				9338C3181F5E6ECC00D6C1A3 /* LaunchScreen.storyboard */,
				9338C31B1F5E6ECC00D6C1A3 /* Info.plist */,
			);
			path = "Hide&Pic";
			sourceTree = "<group>";
		};
		A28D7871DE53773D18CB5CCD /* Pods */ = {
			isa = PBXGroup;
			children = (
				EF1A61DB0567DAA2605109AE /* Pods-Hide&Pic.debug.xcconfig */,
				0470261BD0498159760849DE /* Pods-Hide&Pic.release.xcconfig */,
			);
			name = Pods;
			sourceTree = "<group>";
		};
/* End PBXGroup section */

/* Begin PBXNativeTarget section */
		9338C3091F5E6ECC00D6C1A3 /* Hide&Pic */ = {
			isa = PBXNativeTarget;
			buildConfigurationList = 9338C31E1F5E6ECC00D6C1A3 /* Build configuration list for PBXNativeTarget "Hide&Pic" */;
			buildPhases = (
				4E8862A2C93B10910EAC4243 /* [CP] Check Pods Manifest.lock */,
				9338C3061F5E6ECC00D6C1A3 /* Sources */,
				9338C3071F5E6ECC00D6C1A3 /* Frameworks */,
				9338C3081F5E6ECC00D6C1A3 /* Resources */,
				EEB77693E72E64F70C02ADD4 /* [CP] Embed Pods Frameworks */,
				AD523204682D891FE69261A0 /* [CP] Copy Pods Resources */,
			);
			buildRules = (
			);
			dependencies = (
			);
			name = "Hide&Pic";
			productName = "Hide&Pic";
			productReference = 9338C30A1F5E6ECC00D6C1A3 /* Hide&Pic.app */;
			productType = "com.apple.product-type.application";
		};
/* End PBXNativeTarget section */

/* Begin PBXProject section */
		9338C3021F5E6ECC00D6C1A3 /* Project object */ = {
			isa = PBXProject;
			attributes = {
				LastSwiftUpdateCheck = 0900;
				LastUpgradeCheck = 0900;
				ORGANIZATIONNAME = VanillaThunder;
				TargetAttributes = {
					9338C3091F5E6ECC00D6C1A3 = {
						CreatedOnToolsVersion = 9.0;
						ProvisioningStyle = Automatic;
					};
				};
			};
			buildConfigurationList = 9338C3051F5E6ECC00D6C1A3 /* Build configuration list for PBXProject "Hide&Pic" */;
			compatibilityVersion = "Xcode 8.0";
			developmentRegion = en;
			hasScannedForEncodings = 0;
			knownRegions = (
				en,
				Base,
			);
			mainGroup = 9338C3011F5E6ECC00D6C1A3;
			productRefGroup = 9338C30B1F5E6ECC00D6C1A3 /* Products */;
			projectDirPath = "";
			projectRoot = "";
			targets = (
				9338C3091F5E6ECC00D6C1A3 /* Hide&Pic */,
			);
		};
/* End PBXProject section */

/* Begin PBXResourcesBuildPhase section */
		9338C3081F5E6ECC00D6C1A3 /* Resources */ = {
			isa = PBXResourcesBuildPhase;
			buildActionMask = 2147483647;
			files = (
				9338C3101F5E6ECC00D6C1A3 /* art.scnassets in Resources */,
				9338C31A1F5E6ECC00D6C1A3 /* LaunchScreen.storyboard in Resources */,
				9338C3171F5E6ECC00D6C1A3 /* Assets.xcassets in Resources */,
				9338C3151F5E6ECC00D6C1A3 /* Main.storyboard in Resources */,
			);
			runOnlyForDeploymentPostprocessing = 0;
		};
/* End PBXResourcesBuildPhase section */

/* Begin PBXShellScriptBuildPhase section */
		4E8862A2C93B10910EAC4243 /* [CP] Check Pods Manifest.lock */ = {
			isa = PBXShellScriptBuildPhase;
			buildActionMask = 2147483647;
			files = (
			);
			inputPaths = (
				"${PODS_PODFILE_DIR_PATH}/Podfile.lock",
				"${PODS_ROOT}/Manifest.lock",
			);
			name = "[CP] Check Pods Manifest.lock";
			outputPaths = (
				"$(DERIVED_FILE_DIR)/Pods-Hide&Pic-checkManifestLockResult.txt",
			);
			runOnlyForDeploymentPostprocessing = 0;
			shellPath = /bin/sh;
			shellScript = "diff \"${PODS_PODFILE_DIR_PATH}/Podfile.lock\" \"${PODS_ROOT}/Manifest.lock\" > /dev/null\nif [ $? != 0 ] ; then\n    # print error to STDERR\n    echo \"error: The sandbox is not in sync with the Podfile.lock. Run 'pod install' or update your CocoaPods installation.\" >&2\n    exit 1\nfi\n# This output is used by Xcode 'outputs' to avoid re-running this script phase.\necho \"SUCCESS\" > \"${SCRIPT_OUTPUT_FILE_0}\"\n";
			showEnvVarsInLog = 0;
		};
		AD523204682D891FE69261A0 /* [CP] Copy Pods Resources */ = {
			isa = PBXShellScriptBuildPhase;
			buildActionMask = 2147483647;
			files = (
			);
			inputPaths = (
			);
			name = "[CP] Copy Pods Resources";
			outputPaths = (
			);
			runOnlyForDeploymentPostprocessing = 0;
			shellPath = /bin/sh;
			shellScript = "\"${SRCROOT}/Pods/Target Support Files/Pods-Hide&Pic/Pods-Hide&Pic-resources.sh\"\n";
			showEnvVarsInLog = 0;
		};
		EEB77693E72E64F70C02ADD4 /* [CP] Embed Pods Frameworks */ = {
			isa = PBXShellScriptBuildPhase;
			buildActionMask = 2147483647;
			files = (
			);
			inputPaths = (
				"${SRCROOT}/Pods/Target Support Files/Pods-Hide&Pic/Pods-Hide&Pic-frameworks.sh",
				"${BUILT_PRODUCTS_DIR}/ARCL/ARCL.framework",
			);
			name = "[CP] Embed Pods Frameworks";
			outputPaths = (
				"${TARGET_BUILD_DIR}/${FRAMEWORKS_FOLDER_PATH}/ARCL.framework",
			);
			runOnlyForDeploymentPostprocessing = 0;
			shellPath = /bin/sh;
			shellScript = "\"${SRCROOT}/Pods/Target Support Files/Pods-Hide&Pic/Pods-Hide&Pic-frameworks.sh\"\n";
			showEnvVarsInLog = 0;
		};
/* End PBXShellScriptBuildPhase section */

/* Begin PBXSourcesBuildPhase section */
		9338C3061F5E6ECC00D6C1A3 /* Sources */ = {
			isa = PBXSourcesBuildPhase;
			buildActionMask = 2147483647;
			files = (
				9338C3221F5E6EF500D6C1A3 /* SampleCoordinates.swift in Sources */,
				9338C3121F5E6ECC00D6C1A3 /* ARKitViewController.swift in Sources */,
				9338C30E1F5E6ECC00D6C1A3 /* AppDelegate.swift in Sources */,
			);
			runOnlyForDeploymentPostprocessing = 0;
		};
/* End PBXSourcesBuildPhase section */

/* Begin PBXVariantGroup section */
		9338C3131F5E6ECC00D6C1A3 /* Main.storyboard */ = {
			isa = PBXVariantGroup;
			children = (
				9338C3141F5E6ECC00D6C1A3 /* Base */,
			);
			name = Main.storyboard;
			sourceTree = "<group>";
		};
		9338C3181F5E6ECC00D6C1A3 /* LaunchScreen.storyboard */ = {
			isa = PBXVariantGroup;
			children = (
				9338C3191F5E6ECC00D6C1A3 /* Base */,
			);
			name = LaunchScreen.storyboard;
			sourceTree = "<group>";
		};
/* End PBXVariantGroup section */

/* Begin XCBuildConfiguration section */
		9338C31C1F5E6ECC00D6C1A3 /* Debug */ = {
			isa = XCBuildConfiguration;
			buildSettings = {
				ALWAYS_SEARCH_USER_PATHS = NO;
				CLANG_ANALYZER_NONNULL = YES;
				CLANG_ANALYZER_NUMBER_OBJECT_CONVERSION = YES_AGGRESSIVE;
				CLANG_CXX_LANGUAGE_STANDARD = "gnu++14";
				CLANG_CXX_LIBRARY = "libc++";
				CLANG_ENABLE_MODULES = YES;
				CLANG_ENABLE_OBJC_ARC = YES;
				CLANG_WARN_BLOCK_CAPTURE_AUTORELEASING = YES;
				CLANG_WARN_BOOL_CONVERSION = YES;
				CLANG_WARN_COMMA = YES;
				CLANG_WARN_CONSTANT_CONVERSION = YES;
				CLANG_WARN_DIRECT_OBJC_ISA_USAGE = YES_ERROR;
				CLANG_WARN_DOCUMENTATION_COMMENTS = YES;
				CLANG_WARN_EMPTY_BODY = YES;
				CLANG_WARN_ENUM_CONVERSION = YES;
				CLANG_WARN_INFINITE_RECURSION = YES;
				CLANG_WARN_INT_CONVERSION = YES;
				CLANG_WARN_NON_LITERAL_NULL_CONVERSION = YES;
				CLANG_WARN_OBJC_LITERAL_CONVERSION = YES;
				CLANG_WARN_OBJC_ROOT_CLASS = YES_ERROR;
				CLANG_WARN_RANGE_LOOP_ANALYSIS = YES;
				CLANG_WARN_STRICT_PROTOTYPES = YES;
				CLANG_WARN_SUSPICIOUS_MOVE = YES;
				CLANG_WARN_UNGUARDED_AVAILABILITY = YES_AGGRESSIVE;
				CLANG_WARN_UNREACHABLE_CODE = YES;
				CLANG_WARN__DUPLICATE_METHOD_MATCH = YES;
				CODE_SIGN_IDENTITY = "iPhone Developer";
				COPY_PHASE_STRIP = NO;
				DEBUG_INFORMATION_FORMAT = dwarf;
				ENABLE_STRICT_OBJC_MSGSEND = YES;
				ENABLE_TESTABILITY = YES;
				GCC_C_LANGUAGE_STANDARD = gnu11;
				GCC_DYNAMIC_NO_PIC = NO;
				GCC_NO_COMMON_BLOCKS = YES;
				GCC_OPTIMIZATION_LEVEL = 0;
				GCC_PREPROCESSOR_DEFINITIONS = (
					"DEBUG=1",
					"$(inherited)",
				);
				GCC_WARN_64_TO_32_BIT_CONVERSION = YES;
				GCC_WARN_ABOUT_RETURN_TYPE = YES_ERROR;
				GCC_WARN_UNDECLARED_SELECTOR = YES;
				GCC_WARN_UNINITIALIZED_AUTOS = YES_AGGRESSIVE;
				GCC_WARN_UNUSED_FUNCTION = YES;
				GCC_WARN_UNUSED_VARIABLE = YES;
				IPHONEOS_DEPLOYMENT_TARGET = 11.0;
				MTL_ENABLE_DEBUG_INFO = YES;
				ONLY_ACTIVE_ARCH = YES;
				SDKROOT = iphoneos;
				SWIFT_ACTIVE_COMPILATION_CONDITIONS = DEBUG;
				SWIFT_OPTIMIZATION_LEVEL = "-Onone";
			};
			name = Debug;
		};
		9338C31D1F5E6ECC00D6C1A3 /* Release */ = {
			isa = XCBuildConfiguration;
			buildSettings = {
				ALWAYS_SEARCH_USER_PATHS = NO;
				CLANG_ANALYZER_NONNULL = YES;
				CLANG_ANALYZER_NUMBER_OBJECT_CONVERSION = YES_AGGRESSIVE;
				CLANG_CXX_LANGUAGE_STANDARD = "gnu++14";
				CLANG_CXX_LIBRARY = "libc++";
				CLANG_ENABLE_MODULES = YES;
				CLANG_ENABLE_OBJC_ARC = YES;
				CLANG_WARN_BLOCK_CAPTURE_AUTORELEASING = YES;
				CLANG_WARN_BOOL_CONVERSION = YES;
				CLANG_WARN_COMMA = YES;
				CLANG_WARN_CONSTANT_CONVERSION = YES;
				CLANG_WARN_DIRECT_OBJC_ISA_USAGE = YES_ERROR;
				CLANG_WARN_DOCUMENTATION_COMMENTS = YES;
				CLANG_WARN_EMPTY_BODY = YES;
				CLANG_WARN_ENUM_CONVERSION = YES;
				CLANG_WARN_INFINITE_RECURSION = YES;
				CLANG_WARN_INT_CONVERSION = YES;
				CLANG_WARN_NON_LITERAL_NULL_CONVERSION = YES;
				CLANG_WARN_OBJC_LITERAL_CONVERSION = YES;
				CLANG_WARN_OBJC_ROOT_CLASS = YES_ERROR;
				CLANG_WARN_RANGE_LOOP_ANALYSIS = YES;
				CLANG_WARN_STRICT_PROTOTYPES = YES;
				CLANG_WARN_SUSPICIOUS_MOVE = YES;
				CLANG_WARN_UNGUARDED_AVAILABILITY = YES_AGGRESSIVE;
				CLANG_WARN_UNREACHABLE_CODE = YES;
				CLANG_WARN__DUPLICATE_METHOD_MATCH = YES;
				CODE_SIGN_IDENTITY = "iPhone Developer";
				COPY_PHASE_STRIP = NO;
				DEBUG_INFORMATION_FORMAT = "dwarf-with-dsym";
				ENABLE_NS_ASSERTIONS = NO;
				ENABLE_STRICT_OBJC_MSGSEND = YES;
				GCC_C_LANGUAGE_STANDARD = gnu11;
				GCC_NO_COMMON_BLOCKS = YES;
				GCC_WARN_64_TO_32_BIT_CONVERSION = YES;
				GCC_WARN_ABOUT_RETURN_TYPE = YES_ERROR;
				GCC_WARN_UNDECLARED_SELECTOR = YES;
				GCC_WARN_UNINITIALIZED_AUTOS = YES_AGGRESSIVE;
				GCC_WARN_UNUSED_FUNCTION = YES;
				GCC_WARN_UNUSED_VARIABLE = YES;
				IPHONEOS_DEPLOYMENT_TARGET = 11.0;
				MTL_ENABLE_DEBUG_INFO = NO;
				SDKROOT = iphoneos;
				SWIFT_OPTIMIZATION_LEVEL = "-Owholemodule";
				VALIDATE_PRODUCT = YES;
			};
			name = Release;
		};
		9338C31F1F5E6ECC00D6C1A3 /* Debug */ = {
			isa = XCBuildConfiguration;
			baseConfigurationReference = EF1A61DB0567DAA2605109AE /* Pods-Hide&Pic.debug.xcconfig */;
			buildSettings = {
				ASSETCATALOG_COMPILER_APPICON_NAME = AppIcon;
				CODE_SIGN_STYLE = Automatic;
				DEVELOPMENT_TEAM = 3CCGR6GPV9;
				INFOPLIST_FILE = "Hide&Pic/Info.plist";
				LD_RUNPATH_SEARCH_PATHS = "$(inherited) @executable_path/Frameworks";
				PRODUCT_BUNDLE_IDENTIFIER = "leonardz.VanillaThunder.Hide-Pic";
				PRODUCT_NAME = "$(TARGET_NAME)";
				SWIFT_VERSION = 4.0;
				TARGETED_DEVICE_FAMILY = "1,2";
			};
			name = Debug;
		};
		9338C3201F5E6ECC00D6C1A3 /* Release */ = {
			isa = XCBuildConfiguration;
			baseConfigurationReference = 0470261BD0498159760849DE /* Pods-Hide&Pic.release.xcconfig */;
			buildSettings = {
				ASSETCATALOG_COMPILER_APPICON_NAME = AppIcon;
				CODE_SIGN_STYLE = Automatic;
				DEVELOPMENT_TEAM = 3CCGR6GPV9;
				INFOPLIST_FILE = "Hide&Pic/Info.plist";
				LD_RUNPATH_SEARCH_PATHS = "$(inherited) @executable_path/Frameworks";
				PRODUCT_BUNDLE_IDENTIFIER = "leonardz.VanillaThunder.Hide-Pic";
				PRODUCT_NAME = "$(TARGET_NAME)";
				SWIFT_VERSION = 4.0;
				TARGETED_DEVICE_FAMILY = "1,2";
			};
			name = Release;
		};
/* End XCBuildConfiguration section */

/* Begin XCConfigurationList section */
		9338C3051F5E6ECC00D6C1A3 /* Build configuration list for PBXProject "Hide&Pic" */ = {
			isa = XCConfigurationList;
			buildConfigurations = (
				9338C31C1F5E6ECC00D6C1A3 /* Debug */,
				9338C31D1F5E6ECC00D6C1A3 /* Release */,
			);
			defaultConfigurationIsVisible = 0;
			defaultConfigurationName = Release;
		};
		9338C31E1F5E6ECC00D6C1A3 /* Build configuration list for PBXNativeTarget "Hide&Pic" */ = {
			isa = XCConfigurationList;
			buildConfigurations = (
				9338C31F1F5E6ECC00D6C1A3 /* Debug */,
				9338C3201F5E6ECC00D6C1A3 /* Release */,
			);
			defaultConfigurationIsVisible = 0;
			defaultConfigurationName = Release;
		};
/* End XCConfigurationList section */
	};
	rootObject = 9338C3021F5E6ECC00D6C1A3 /* Project object */;
}
